
Microsoft Visual Studio Solution File, Format Version 12.00
# Visual Studio Version 17
VisualStudioVersion = 17.0.31903.59
MinimumVisualStudioVersion = 10.0.40219.1
Project("{FAE04EC0-301F-11D3-BF4B-00C04F79EFBC}") = "com.mobiquity.packer", "com.mobiquity.packer\com.mobiquity.packer.csproj", "{61CA96EF-E61C-4712-A3A5-3F4E3BA62AD7}"
EndProject
Project("{FAE04EC0-301F-11D3-BF4B-00C04F79EFBC}") = "ConsoleApp1", "ConsoleApp1\ConsoleApp1.csproj", "{2D7A8EB0-6111-443C-832B-01BD46FF1889}"
EndProject
Project("{FAE04EC0-301F-11D3-BF4B-00C04F79EFBC}") = "com.mobiquity.packer.Tests", "com.mobiquity.packer.Tests\com.mobiquity.packer.Tests.csproj", "{033EFB52-B65D-44DB-B92B-7EBCBBB872E1}"
EndProject
Global
	GlobalSection(SolutionConfigurationPlatforms) = preSolution
		Debug|Any CPU = Debug|Any CPU
		Release|Any CPU = Release|Any CPU
	EndGlobalSection
	GlobalSection(ProjectConfigurationPlatforms) = postSolution
		{61CA96EF-E61C-4712-A3A5-3F4E3BA62AD7}.Debug|Any CPU.ActiveCfg = Debug|Any CPU
		{61CA96EF-E61C-4712-A3A5-3F4E3BA62AD7}.Debug|Any CPU.Build.0 = Debug|Any CPU
		{61CA96EF-E61C-4712-A3A5-3F4E3BA62AD7}.Release|Any CPU.ActiveCfg = Release|Any CPU
		{61CA96EF-E61C-4712-A3A5-3F4E3BA62AD7}.Release|Any CPU.Build.0 = Release|Any CPU
		{2D7A8EB0-6111-443C-832B-01BD46FF1889}.Debug|Any CPU.ActiveCfg = Debug|Any CPU
		{2D7A8EB0-6111-443C-832B-01BD46FF1889}.Debug|Any CPU.Build.0 = Debug|Any CPU
		{2D7A8EB0-6111-443C-832B-01BD46FF1889}.Release|Any CPU.ActiveCfg = Release|Any CPU
		{2D7A8EB0-6111-443C-832B-01BD46FF1889}.Release|Any CPU.Build.0 = Release|Any CPU
		{033EFB52-B65D-44DB-B92B-7EBCBBB872E1}.Debug|Any CPU.ActiveCfg = Debug|Any CPU
		{033EFB52-B65D-44DB-B92B-7EBCBBB872E1}.Debug|Any CPU.Build.0 = Debug|Any CPU
		{033EFB52-B65D-44DB-B92B-7EBCBBB872E1}.Release|Any CPU.ActiveCfg = Release|Any CPU
		{033EFB52-B65D-44DB-B92B-7EBCBBB872E1}.Release|Any CPU.Build.0 = Release|Any CPU
	EndGlobalSection
	GlobalSection(SolutionProperties) = preSolution
		HideSolutionNode = FALSE
	EndGlobalSection
	GlobalSection(ExtensibilityGlobals) = postSolution
		SolutionGuid = {87879526-0873-4453-A2E2-6481CBDA7A0A}
	EndGlobalSection
EndGlobal
